
Microsoft Visual Studio Solution File, Format Version 12.00
# Visual Studio 15
VisualStudioVersion = 15.0.28307.572
MinimumVisualStudioVersion = 10.0.40219.1
Project("{2150E333-8FDC-42A3-9474-1A3956D46DE8}") = "BuildingBlocks", "BuildingBlocks", "{E490569D-CD8E-4553-932B-7B0DFB1F1FB2}"
EndProject
Project("{2150E333-8FDC-42A3-9474-1A3956D46DE8}") = "Client", "Client", "{3DC656CB-D47D-4027-9E4B-42DA8D8B8A50}"
EndProject
Project("{2150E333-8FDC-42A3-9474-1A3956D46DE8}") = "Microservices", "Microservices", "{EA09CD91-99E8-4625-9225-CF8DF983A356}"
EndProject
Project("{9A19103F-16F7-4668-BE54-9A1E7A4F7556}") = "PayAllHere", "PayAllHere\PayAllHere.csproj", "{A90D47F3-5B4C-4C00-B0E7-E7AE8921EBC2}"
EndProject
Project("{FAE04EC0-301F-11D3-BF4B-00C04F79EFBC}") = "Common", "..\BuildingBlocks\Common\Common.csproj", "{841BA093-AE5B-45AD-80A5-43FF482D4205}"
EndProject
Project("{9A19103F-16F7-4668-BE54-9A1E7A4F7556}") = "UserService.API", "..\Microservices\UserService.API\UserService.API.csproj", "{89175F07-DB27-48B9-8797-5832991D6FE0}"
EndProject
Project("{9A19103F-16F7-4668-BE54-9A1E7A4F7556}") = "EONGaz.API", "..\Microservices\EONGaz.API\EONGaz.API.csproj", "{5768AA10-B017-418F-A099-32509A2030C9}"
EndProject
Project("{9A19103F-16F7-4668-BE54-9A1E7A4F7556}") = "Electrica.API", "..\Microservices\Electrica.API\Electrica.API.csproj", "{47D848B7-B2A9-4114-B654-E92D43A3A9DD}"
EndProject
Global
	GlobalSection(SolutionConfigurationPlatforms) = preSolution
		Debug|Any CPU = Debug|Any CPU
		Release|Any CPU = Release|Any CPU
	EndGlobalSection
	GlobalSection(ProjectConfigurationPlatforms) = postSolution
		{A90D47F3-5B4C-4C00-B0E7-E7AE8921EBC2}.Debug|Any CPU.ActiveCfg = Debug|Any CPU
		{A90D47F3-5B4C-4C00-B0E7-E7AE8921EBC2}.Debug|Any CPU.Build.0 = Debug|Any CPU
		{A90D47F3-5B4C-4C00-B0E7-E7AE8921EBC2}.Release|Any CPU.ActiveCfg = Release|Any CPU
		{A90D47F3-5B4C-4C00-B0E7-E7AE8921EBC2}.Release|Any CPU.Build.0 = Release|Any CPU
		{841BA093-AE5B-45AD-80A5-43FF482D4205}.Debug|Any CPU.ActiveCfg = Debug|Any CPU
		{841BA093-AE5B-45AD-80A5-43FF482D4205}.Debug|Any CPU.Build.0 = Debug|Any CPU
		{841BA093-AE5B-45AD-80A5-43FF482D4205}.Release|Any CPU.ActiveCfg = Release|Any CPU
		{841BA093-AE5B-45AD-80A5-43FF482D4205}.Release|Any CPU.Build.0 = Release|Any CPU
		{89175F07-DB27-48B9-8797-5832991D6FE0}.Debug|Any CPU.ActiveCfg = Debug|Any CPU
		{89175F07-DB27-48B9-8797-5832991D6FE0}.Debug|Any CPU.Build.0 = Debug|Any CPU
		{89175F07-DB27-48B9-8797-5832991D6FE0}.Release|Any CPU.ActiveCfg = Release|Any CPU
		{89175F07-DB27-48B9-8797-5832991D6FE0}.Release|Any CPU.Build.0 = Release|Any CPU
		{5768AA10-B017-418F-A099-32509A2030C9}.Debug|Any CPU.ActiveCfg = Debug|Any CPU
		{5768AA10-B017-418F-A099-32509A2030C9}.Debug|Any CPU.Build.0 = Debug|Any CPU
		{5768AA10-B017-418F-A099-32509A2030C9}.Release|Any CPU.ActiveCfg = Release|Any CPU
		{5768AA10-B017-418F-A099-32509A2030C9}.Release|Any CPU.Build.0 = Release|Any CPU
		{47D848B7-B2A9-4114-B654-E92D43A3A9DD}.Debug|Any CPU.ActiveCfg = Debug|Any CPU
		{47D848B7-B2A9-4114-B654-E92D43A3A9DD}.Debug|Any CPU.Build.0 = Debug|Any CPU
		{47D848B7-B2A9-4114-B654-E92D43A3A9DD}.Release|Any CPU.ActiveCfg = Release|Any CPU
		{47D848B7-B2A9-4114-B654-E92D43A3A9DD}.Release|Any CPU.Build.0 = Release|Any CPU
	EndGlobalSection
	GlobalSection(SolutionProperties) = preSolution
		HideSolutionNode = FALSE
	EndGlobalSection
	GlobalSection(NestedProjects) = preSolution
		{A90D47F3-5B4C-4C00-B0E7-E7AE8921EBC2} = {3DC656CB-D47D-4027-9E4B-42DA8D8B8A50}
		{841BA093-AE5B-45AD-80A5-43FF482D4205} = {E490569D-CD8E-4553-932B-7B0DFB1F1FB2}
		{89175F07-DB27-48B9-8797-5832991D6FE0} = {EA09CD91-99E8-4625-9225-CF8DF983A356}
		{5768AA10-B017-418F-A099-32509A2030C9} = {EA09CD91-99E8-4625-9225-CF8DF983A356}
		{47D848B7-B2A9-4114-B654-E92D43A3A9DD} = {EA09CD91-99E8-4625-9225-CF8DF983A356}
	EndGlobalSection
	GlobalSection(ExtensibilityGlobals) = postSolution
		SolutionGuid = {ADC4BB08-BC89-487F-8E3C-743E5F872971}
	EndGlobalSection
EndGlobal
